schema: '2.0'
stages:
  create_interm_data:
    cmd: python src/data/make_dataset.py --config=params.yaml
    deps:
    - path: data/raw/application_record.csv
      hash: md5
      md5: 3ee109d7ca583ed22148b855c8296a15
      size: 54342959
    - path: data/raw/credit_record.csv
      hash: md5
      md5: 2f12a6b963c9c52477e03306b33a1f9e
      size: 15367102
    - path: src/data/make_dataset.py
      hash: md5
      md5: ee307821177beb4d8324e47d522adf7e
      size: 4096
    outs:
    - path: data/interim/joined_data.csv
      hash: md5
      md5: 7ae9f870ddd31548ecde80e208f6e6aa
      size: 54890894
  process_data:
    cmd: python src/data/process_data.py --config=params.yaml
    deps:
    - path: data/interim/joined_data.csv
      hash: md5
      md5: 7ae9f870ddd31548ecde80e208f6e6aa
      size: 54890894
    - path: src/data/process_data.py
      hash: md5
      md5: c0d920997e5b261b1b5e08f13cfc3130
      size: 2830
    outs:
    - path: data/interim/not_null.csv
      hash: md5
      md5: dda3c71f772559c04c716036e90779f2
      size: 2856968
    - path: data/interim/null_data.csv
      hash: md5
      md5: 9139486f71ed7f6be53caa36642663b5
      size: 30352658
  feature_engineering:
    cmd: python src/features/build_features.py --config=params.yaml
    deps:
    - path: data/interim/not_null.csv
      hash: md5
      md5: dda3c71f772559c04c716036e90779f2
      size: 2856968
    - path: data/interim/null_data.csv
      hash: md5
      md5: 9139486f71ed7f6be53caa36642663b5
      size: 30352658
    - path: src/features/build_features.py
      hash: md5
      md5: e2d05ea6ca7af12f13483ee424dee138
      size: 7343
    outs:
    - path: data/prediction/prediction.csv
      hash: md5
      md5: 1c71dd7e57a4aed04b42f94d560ff556
      size: 29978393
    - path: data/processed/test_data.csv
      hash: md5
      md5: dd609f20eb4f93954e9c2beae8e090b3
      size: 565658
    - path: data/processed/train_data.csv
      hash: md5
      md5: deae01050afb8511dd3660bbc969ba7f
      size: 2262109
